
Microsoft Visual Studio Solution File, Format Version 12.00
# Visual Studio 15
VisualStudioVersion = 15.0.26124.0
MinimumVisualStudioVersion = 15.0.26124.0
Project("{FAE04EC0-301F-11D3-BF4B-00C04F79EFBC}") = "API", "API\API.csproj", "{6ECB040A-1244-414D-B185-E186A19AC4D1}"
EndProject
Project("{FAE04EC0-301F-11D3-BF4B-00C04F79EFBC}") = "Core", "Core\Core.csproj", "{5D541C2F-EB84-46A2-A052-D134BAC10EE2}"
EndProject
Project("{FAE04EC0-301F-11D3-BF4B-00C04F79EFBC}") = "Infrastructure", "Infrastructure\Infrastructure.csproj", "{DCEE0793-962F-41CE-9344-180C26C19F9C}"
EndProject
Global
	GlobalSection(SolutionConfigurationPlatforms) = preSolution
		Debug|Any CPU = Debug|Any CPU
		Debug|x64 = Debug|x64
		Debug|x86 = Debug|x86
		Release|Any CPU = Release|Any CPU
		Release|x64 = Release|x64
		Release|x86 = Release|x86
	EndGlobalSection
	GlobalSection(SolutionProperties) = preSolution
		HideSolutionNode = FALSE
	EndGlobalSection
	GlobalSection(ProjectConfigurationPlatforms) = postSolution
		{6ECB040A-1244-414D-B185-E186A19AC4D1}.Debug|Any CPU.ActiveCfg = Debug|Any CPU
		{6ECB040A-1244-414D-B185-E186A19AC4D1}.Debug|Any CPU.Build.0 = Debug|Any CPU
		{6ECB040A-1244-414D-B185-E186A19AC4D1}.Debug|x64.ActiveCfg = Debug|Any CPU
		{6ECB040A-1244-414D-B185-E186A19AC4D1}.Debug|x64.Build.0 = Debug|Any CPU
		{6ECB040A-1244-414D-B185-E186A19AC4D1}.Debug|x86.ActiveCfg = Debug|Any CPU
		{6ECB040A-1244-414D-B185-E186A19AC4D1}.Debug|x86.Build.0 = Debug|Any CPU
		{6ECB040A-1244-414D-B185-E186A19AC4D1}.Release|Any CPU.ActiveCfg = Release|Any CPU
		{6ECB040A-1244-414D-B185-E186A19AC4D1}.Release|Any CPU.Build.0 = Release|Any CPU
		{6ECB040A-1244-414D-B185-E186A19AC4D1}.Release|x64.ActiveCfg = Release|Any CPU
		{6ECB040A-1244-414D-B185-E186A19AC4D1}.Release|x64.Build.0 = Release|Any CPU
		{6ECB040A-1244-414D-B185-E186A19AC4D1}.Release|x86.ActiveCfg = Release|Any CPU
		{6ECB040A-1244-414D-B185-E186A19AC4D1}.Release|x86.Build.0 = Release|Any CPU
		{5D541C2F-EB84-46A2-A052-D134BAC10EE2}.Debug|Any CPU.ActiveCfg = Debug|Any CPU
		{5D541C2F-EB84-46A2-A052-D134BAC10EE2}.Debug|Any CPU.Build.0 = Debug|Any CPU
		{5D541C2F-EB84-46A2-A052-D134BAC10EE2}.Debug|x64.ActiveCfg = Debug|Any CPU
		{5D541C2F-EB84-46A2-A052-D134BAC10EE2}.Debug|x64.Build.0 = Debug|Any CPU
		{5D541C2F-EB84-46A2-A052-D134BAC10EE2}.Debug|x86.ActiveCfg = Debug|Any CPU
		{5D541C2F-EB84-46A2-A052-D134BAC10EE2}.Debug|x86.Build.0 = Debug|Any CPU
		{5D541C2F-EB84-46A2-A052-D134BAC10EE2}.Release|Any CPU.ActiveCfg = Release|Any CPU
		{5D541C2F-EB84-46A2-A052-D134BAC10EE2}.Release|Any CPU.Build.0 = Release|Any CPU
		{5D541C2F-EB84-46A2-A052-D134BAC10EE2}.Release|x64.ActiveCfg = Release|Any CPU
		{5D541C2F-EB84-46A2-A052-D134BAC10EE2}.Release|x64.Build.0 = Release|Any CPU
		{5D541C2F-EB84-46A2-A052-D134BAC10EE2}.Release|x86.ActiveCfg = Release|Any CPU
		{5D541C2F-EB84-46A2-A052-D134BAC10EE2}.Release|x86.Build.0 = Release|Any CPU
		{DCEE0793-962F-41CE-9344-180C26C19F9C}.Debug|Any CPU.ActiveCfg = Debug|Any CPU
		{DCEE0793-962F-41CE-9344-180C26C19F9C}.Debug|Any CPU.Build.0 = Debug|Any CPU
		{DCEE0793-962F-41CE-9344-180C26C19F9C}.Debug|x64.ActiveCfg = Debug|Any CPU
		{DCEE0793-962F-41CE-9344-180C26C19F9C}.Debug|x64.Build.0 = Debug|Any CPU
		{DCEE0793-962F-41CE-9344-180C26C19F9C}.Debug|x86.ActiveCfg = Debug|Any CPU
		{DCEE0793-962F-41CE-9344-180C26C19F9C}.Debug|x86.Build.0 = Debug|Any CPU
		{DCEE0793-962F-41CE-9344-180C26C19F9C}.Release|Any CPU.ActiveCfg = Release|Any CPU
		{DCEE0793-962F-41CE-9344-180C26C19F9C}.Release|Any CPU.Build.0 = Release|Any CPU
		{DCEE0793-962F-41CE-9344-180C26C19F9C}.Release|x64.ActiveCfg = Release|Any CPU
		{DCEE0793-962F-41CE-9344-180C26C19F9C}.Release|x64.Build.0 = Release|Any CPU
		{DCEE0793-962F-41CE-9344-180C26C19F9C}.Release|x86.ActiveCfg = Release|Any CPU
		{DCEE0793-962F-41CE-9344-180C26C19F9C}.Release|x86.Build.0 = Release|Any CPU
	EndGlobalSection
EndGlobal
